
Microsoft Visual Studio Solution File, Format Version 12.00
# Visual Studio 15
VisualStudioVersion = 15.0.28307.329
MinimumVisualStudioVersion = 10.0.40219.1
Project("{FAE04EC0-301F-11D3-BF4B-00C04F79EFBC}") = "VoteApplication", "VoteApplication\VoteApplication.csproj", "{BC473803-B059-4EE5-BC8B-C2854D19C3DB}"
EndProject
Global
	GlobalSection(SolutionConfigurationPlatforms) = preSolution
		Debug|Any CPU = Debug|Any CPU
		Release|Any CPU = Release|Any CPU
	EndGlobalSection
	GlobalSection(ProjectConfigurationPlatforms) = postSolution
		{BC473803-B059-4EE5-BC8B-C2854D19C3DB}.Debug|Any CPU.ActiveCfg = Debug|Any CPU
		{BC473803-B059-4EE5-BC8B-C2854D19C3DB}.Debug|Any CPU.Build.0 = Debug|Any CPU
		{BC473803-B059-4EE5-BC8B-C2854D19C3DB}.Release|Any CPU.ActiveCfg = Release|Any CPU
		{BC473803-B059-4EE5-BC8B-C2854D19C3DB}.Release|Any CPU.Build.0 = Release|Any CPU
	EndGlobalSection
	GlobalSection(SolutionProperties) = preSolution
		HideSolutionNode = FALSE
	EndGlobalSection
	GlobalSection(ExtensibilityGlobals) = postSolution
		SolutionGuid = {A33FF935-F9B5-48B3-B41C-D56DE5226B8C}
	EndGlobalSection
EndGlobal
